
Microsoft Visual Studio Solution File, Format Version 12.00
# Visual Studio Version 17
VisualStudioVersion = 17.2.32602.215
MinimumVisualStudioVersion = 10.0.40219.1
Project("{FAE04EC0-301F-11D3-BF4B-00C04F79EFBC}") = "GitMVCApp", "GitMVCApp\GitMVCApp.csproj", "{90D8187E-0AAA-48A9-A555-BC69A816C063}"
EndProject
Global
	GlobalSection(SolutionConfigurationPlatforms) = preSolution
		Debug|Any CPU = Debug|Any CPU
		Release|Any CPU = Release|Any CPU
	EndGlobalSection
	GlobalSection(ProjectConfigurationPlatforms) = postSolution
		{90D8187E-0AAA-48A9-A555-BC69A816C063}.Debug|Any CPU.ActiveCfg = Debug|Any CPU
		{90D8187E-0AAA-48A9-A555-BC69A816C063}.Debug|Any CPU.Build.0 = Debug|Any CPU
		{90D8187E-0AAA-48A9-A555-BC69A816C063}.Release|Any CPU.ActiveCfg = Release|Any CPU
		{90D8187E-0AAA-48A9-A555-BC69A816C063}.Release|Any CPU.Build.0 = Release|Any CPU
	EndGlobalSection
	GlobalSection(SolutionProperties) = preSolution
		HideSolutionNode = FALSE
	EndGlobalSection
	GlobalSection(ExtensibilityGlobals) = postSolution
		SolutionGuid = {F61DA37E-FF5F-458E-9F5C-9B0D44CB4F18}
	EndGlobalSection
EndGlobal
